
Microsoft Visual Studio Solution File, Format Version 12.00
# Visual Studio 14
VisualStudioVersion = 14.0.25420.1
MinimumVisualStudioVersion = 10.0.40219.1
Project("{FAE04EC0-301F-11D3-BF4B-00C04F79EFBC}") = "Project-1", "Project-1\Project-1.csproj", "{10BDFE6B-7BC2-40ED-BB75-626D468CA984}"
EndProject
Project("{FAE04EC0-301F-11D3-BF4B-00C04F79EFBC}") = "Project-2", "Project-2\Project-2.csproj", "{49D91997-6693-4123-BE6C-5B23F42C303C}"
EndProject
Project("{FAE04EC0-301F-11D3-BF4B-00C04F79EFBC}") = "Project-3", "Project-3\Project-3.csproj", "{69F0EF21-39F4-4FC7-B4AF-6E185FA66C4A}"
EndProject
Project("{FAE04EC0-301F-11D3-BF4B-00C04F79EFBC}") = "Project-4", "Project-4\Project-4.csproj", "{0B88DC3E-D4E7-4A95-9637-FB51DB3DF7C2}"
EndProject
Global
	GlobalSection(SolutionConfigurationPlatforms) = preSolution
		Debug|Any CPU = Debug|Any CPU
		Release|Any CPU = Release|Any CPU
	EndGlobalSection
	GlobalSection(ProjectConfigurationPlatforms) = postSolution
		{10BDFE6B-7BC2-40ED-BB75-626D468CA984}.Debug|Any CPU.ActiveCfg = Debug|Any CPU
		{10BDFE6B-7BC2-40ED-BB75-626D468CA984}.Debug|Any CPU.Build.0 = Debug|Any CPU
		{10BDFE6B-7BC2-40ED-BB75-626D468CA984}.Release|Any CPU.ActiveCfg = Release|Any CPU
		{10BDFE6B-7BC2-40ED-BB75-626D468CA984}.Release|Any CPU.Build.0 = Release|Any CPU
		{49D91997-6693-4123-BE6C-5B23F42C303C}.Debug|Any CPU.ActiveCfg = Debug|Any CPU
		{49D91997-6693-4123-BE6C-5B23F42C303C}.Debug|Any CPU.Build.0 = Debug|Any CPU
		{49D91997-6693-4123-BE6C-5B23F42C303C}.Release|Any CPU.ActiveCfg = Release|Any CPU
		{49D91997-6693-4123-BE6C-5B23F42C303C}.Release|Any CPU.Build.0 = Release|Any CPU
		{69F0EF21-39F4-4FC7-B4AF-6E185FA66C4A}.Debug|Any CPU.ActiveCfg = Debug|Any CPU
		{69F0EF21-39F4-4FC7-B4AF-6E185FA66C4A}.Debug|Any CPU.Build.0 = Debug|Any CPU
		{69F0EF21-39F4-4FC7-B4AF-6E185FA66C4A}.Release|Any CPU.ActiveCfg = Release|Any CPU
		{69F0EF21-39F4-4FC7-B4AF-6E185FA66C4A}.Release|Any CPU.Build.0 = Release|Any CPU
		{0B88DC3E-D4E7-4A95-9637-FB51DB3DF7C2}.Debug|Any CPU.ActiveCfg = Debug|Any CPU
		{0B88DC3E-D4E7-4A95-9637-FB51DB3DF7C2}.Debug|Any CPU.Build.0 = Debug|Any CPU
		{0B88DC3E-D4E7-4A95-9637-FB51DB3DF7C2}.Release|Any CPU.ActiveCfg = Release|Any CPU
		{0B88DC3E-D4E7-4A95-9637-FB51DB3DF7C2}.Release|Any CPU.Build.0 = Release|Any CPU
	EndGlobalSection
	GlobalSection(SolutionProperties) = preSolution
		HideSolutionNode = FALSE
	EndGlobalSection
EndGlobal
